
Microsoft Visual Studio Solution File, Format Version 12.00
# Visual Studio 15
VisualStudioVersion = 15.0.27130.2027
MinimumVisualStudioVersion = 10.0.40219.1
Project("{FAE04EC0-301F-11D3-BF4B-00C04F79EFBC}") = "Matrix", "Matrix\Matrix.csproj", "{9F1AFC17-B0DE-4042-8BA4-BA4118661772}"
EndProject
Global
	GlobalSection(SolutionConfigurationPlatforms) = preSolution
		Debug|Any CPU = Debug|Any CPU
		Release|Any CPU = Release|Any CPU
	EndGlobalSection
	GlobalSection(ProjectConfigurationPlatforms) = postSolution
		{9F1AFC17-B0DE-4042-8BA4-BA4118661772}.Debug|Any CPU.ActiveCfg = Debug|Any CPU
		{9F1AFC17-B0DE-4042-8BA4-BA4118661772}.Debug|Any CPU.Build.0 = Debug|Any CPU
		{9F1AFC17-B0DE-4042-8BA4-BA4118661772}.Release|Any CPU.ActiveCfg = Release|Any CPU
		{9F1AFC17-B0DE-4042-8BA4-BA4118661772}.Release|Any CPU.Build.0 = Release|Any CPU
	EndGlobalSection
	GlobalSection(SolutionProperties) = preSolution
		HideSolutionNode = FALSE
	EndGlobalSection
	GlobalSection(ExtensibilityGlobals) = postSolution
		SolutionGuid = {A2F6D7C8-EF04-40A2-A311-5C1C9BE68054}
	EndGlobalSection
EndGlobal
